
Microsoft Visual Studio Solution File, Format Version 12.00
# Visual Studio Version 17
VisualStudioVersion = 17.4.33103.184
MinimumVisualStudioVersion = 10.0.40219.1
Project("{FAE04EC0-301F-11D3-BF4B-00C04F79EFBC}") = "tile_test", "tile_test\tile_test.csproj", "{96A07829-EC85-4E0A-BE00-BEBA798B54DB}"
EndProject
Global
	GlobalSection(SolutionConfigurationPlatforms) = preSolution
		Debug|Any CPU = Debug|Any CPU
		Release|Any CPU = Release|Any CPU
	EndGlobalSection
	GlobalSection(ProjectConfigurationPlatforms) = postSolution
		{96A07829-EC85-4E0A-BE00-BEBA798B54DB}.Debug|Any CPU.ActiveCfg = Debug|Any CPU
		{96A07829-EC85-4E0A-BE00-BEBA798B54DB}.Debug|Any CPU.Build.0 = Debug|Any CPU
		{96A07829-EC85-4E0A-BE00-BEBA798B54DB}.Release|Any CPU.ActiveCfg = Release|Any CPU
		{96A07829-EC85-4E0A-BE00-BEBA798B54DB}.Release|Any CPU.Build.0 = Release|Any CPU
	EndGlobalSection
	GlobalSection(SolutionProperties) = preSolution
		HideSolutionNode = FALSE
	EndGlobalSection
	GlobalSection(ExtensibilityGlobals) = postSolution
		SolutionGuid = {70DBA90A-E7AD-4E07-A884-BDF98518E1DD}
	EndGlobalSection
EndGlobal
