
Microsoft Visual Studio Solution File, Format Version 12.00
# Visual Studio Version 17
VisualStudioVersion = 17.4.33103.184
MinimumVisualStudioVersion = 10.0.40219.1
Project("{FAE04EC0-301F-11D3-BF4B-00C04F79EFBC}") = "monogame3.8test", "monogame3.8test\monogame3.8test.csproj", "{30FFFB43-CD1C-4145-AD22-BD078EAB2467}"
EndProject
Global
	GlobalSection(SolutionConfigurationPlatforms) = preSolution
		Debug|Any CPU = Debug|Any CPU
		Release|Any CPU = Release|Any CPU
	EndGlobalSection
	GlobalSection(ProjectConfigurationPlatforms) = postSolution
		{30FFFB43-CD1C-4145-AD22-BD078EAB2467}.Debug|Any CPU.ActiveCfg = Debug|Any CPU
		{30FFFB43-CD1C-4145-AD22-BD078EAB2467}.Debug|Any CPU.Build.0 = Debug|Any CPU
		{30FFFB43-CD1C-4145-AD22-BD078EAB2467}.Release|Any CPU.ActiveCfg = Release|Any CPU
		{30FFFB43-CD1C-4145-AD22-BD078EAB2467}.Release|Any CPU.Build.0 = Release|Any CPU
	EndGlobalSection
	GlobalSection(SolutionProperties) = preSolution
		HideSolutionNode = FALSE
	EndGlobalSection
	GlobalSection(ExtensibilityGlobals) = postSolution
		SolutionGuid = {D85516F3-8F70-4315-B92B-6A1632B93814}
	EndGlobalSection
EndGlobal
