
Microsoft Visual Studio Solution File, Format Version 12.00
# Visual Studio Version 17
VisualStudioVersion = 17.4.33103.184
MinimumVisualStudioVersion = 10.0.40219.1
Project("{FAE04EC0-301F-11D3-BF4B-00C04F79EFBC}") = "Project3library", "Project3library\Project3library.csproj", "{D50BB695-41D2-4AEB-A194-29CE36578627}"
EndProject
Global
	GlobalSection(SolutionConfigurationPlatforms) = preSolution
		Debug|Any CPU = Debug|Any CPU
		Release|Any CPU = Release|Any CPU
	EndGlobalSection
	GlobalSection(ProjectConfigurationPlatforms) = postSolution
		{D50BB695-41D2-4AEB-A194-29CE36578627}.Debug|Any CPU.ActiveCfg = Debug|Any CPU
		{D50BB695-41D2-4AEB-A194-29CE36578627}.Debug|Any CPU.Build.0 = Debug|Any CPU
		{D50BB695-41D2-4AEB-A194-29CE36578627}.Release|Any CPU.ActiveCfg = Release|Any CPU
		{D50BB695-41D2-4AEB-A194-29CE36578627}.Release|Any CPU.Build.0 = Release|Any CPU
	EndGlobalSection
	GlobalSection(SolutionProperties) = preSolution
		HideSolutionNode = FALSE
	EndGlobalSection
	GlobalSection(ExtensibilityGlobals) = postSolution
		SolutionGuid = {55140C9B-AA25-4314-A8E1-66429BBD5A70}
	EndGlobalSection
EndGlobal
