
Microsoft Visual Studio Solution File, Format Version 12.00
# Visual Studio Version 17
VisualStudioVersion = 17.4.33103.184
MinimumVisualStudioVersion = 10.0.40219.1
Project("{FAE04EC0-301F-11D3-BF4B-00C04F79EFBC}") = "AnimatedSprite_import", "AnimatedSprite_import\AnimatedSprite_import.csproj", "{638375F0-A60F-499D-BD1F-D9F9D759C0EF}"
EndProject
Global
	GlobalSection(SolutionConfigurationPlatforms) = preSolution
		Debug|Any CPU = Debug|Any CPU
		Release|Any CPU = Release|Any CPU
	EndGlobalSection
	GlobalSection(ProjectConfigurationPlatforms) = postSolution
		{638375F0-A60F-499D-BD1F-D9F9D759C0EF}.Debug|Any CPU.ActiveCfg = Debug|Any CPU
		{638375F0-A60F-499D-BD1F-D9F9D759C0EF}.Debug|Any CPU.Build.0 = Debug|Any CPU
		{638375F0-A60F-499D-BD1F-D9F9D759C0EF}.Release|Any CPU.ActiveCfg = Release|Any CPU
		{638375F0-A60F-499D-BD1F-D9F9D759C0EF}.Release|Any CPU.Build.0 = Release|Any CPU
	EndGlobalSection
	GlobalSection(SolutionProperties) = preSolution
		HideSolutionNode = FALSE
	EndGlobalSection
	GlobalSection(ExtensibilityGlobals) = postSolution
		SolutionGuid = {DD259504-24AE-461E-8C0F-40AC25543C3C}
	EndGlobalSection
EndGlobal
